
Microsoft Visual Studio Solution File, Format Version 12.00
# Visual Studio Version 17
VisualStudioVersion = 17.5.33530.505
MinimumVisualStudioVersion = 10.0.40219.1
Project("{FAE04EC0-301F-11D3-BF4B-00C04F79EFBC}") = "Cafezinho", "Cafezinho\Cafezinho.csproj", "{512A6E06-870B-470E-B55A-3D2DDB2D8B5D}"
EndProject
Global
	GlobalSection(SolutionConfigurationPlatforms) = preSolution
		Debug|Any CPU = Debug|Any CPU
		Release|Any CPU = Release|Any CPU
	EndGlobalSection
	GlobalSection(ProjectConfigurationPlatforms) = postSolution
		{512A6E06-870B-470E-B55A-3D2DDB2D8B5D}.Debug|Any CPU.ActiveCfg = Debug|Any CPU
		{512A6E06-870B-470E-B55A-3D2DDB2D8B5D}.Debug|Any CPU.Build.0 = Debug|Any CPU
		{512A6E06-870B-470E-B55A-3D2DDB2D8B5D}.Release|Any CPU.ActiveCfg = Release|Any CPU
		{512A6E06-870B-470E-B55A-3D2DDB2D8B5D}.Release|Any CPU.Build.0 = Release|Any CPU
	EndGlobalSection
	GlobalSection(SolutionProperties) = preSolution
		HideSolutionNode = FALSE
	EndGlobalSection
	GlobalSection(ExtensibilityGlobals) = postSolution
		SolutionGuid = {312C77F6-7759-45D4-852C-42F4F5800AB8}
	EndGlobalSection
EndGlobal
